
Microsoft Visual Studio Solution File, Format Version 12.00
# Visual Studio Version 16
VisualStudioVersion = 16.0.29613.14
MinimumVisualStudioVersion = 10.0.40219.1
Project("{FAE04EC0-301F-11D3-BF4B-00C04F79EFBC}") = "enumeracoes-e-composicoes", "enumeracoes-e-composicoes\enumeracoes-e-composicoes.csproj", "{8B8EE24F-2CDF-403E-A710-1D1E571199BF}"
EndProject
Global
	GlobalSection(SolutionConfigurationPlatforms) = preSolution
		Debug|Any CPU = Debug|Any CPU
		Release|Any CPU = Release|Any CPU
	EndGlobalSection
	GlobalSection(ProjectConfigurationPlatforms) = postSolution
		{8B8EE24F-2CDF-403E-A710-1D1E571199BF}.Debug|Any CPU.ActiveCfg = Debug|Any CPU
		{8B8EE24F-2CDF-403E-A710-1D1E571199BF}.Debug|Any CPU.Build.0 = Debug|Any CPU
		{8B8EE24F-2CDF-403E-A710-1D1E571199BF}.Release|Any CPU.ActiveCfg = Release|Any CPU
		{8B8EE24F-2CDF-403E-A710-1D1E571199BF}.Release|Any CPU.Build.0 = Release|Any CPU
	EndGlobalSection
	GlobalSection(SolutionProperties) = preSolution
		HideSolutionNode = FALSE
	EndGlobalSection
	GlobalSection(ExtensibilityGlobals) = postSolution
		SolutionGuid = {388DAFF4-9D0C-4661-9552-3CB1BE8157BF}
	EndGlobalSection
EndGlobal
